
Microsoft Visual Studio Solution File, Format Version 12.00
# Visual Studio Version 17
VisualStudioVersion = 17.2.32526.322
MinimumVisualStudioVersion = 10.0.40219.1
Project("{FAE04EC0-301F-11D3-BF4B-00C04F79EFBC}") = "ShoppingCart_v1", "ShoppingCart_v1\ShoppingCart_v1.csproj", "{1AFED87B-E1BA-492C-BFC2-B4BDD7846A2E}"
EndProject
Global
	GlobalSection(SolutionConfigurationPlatforms) = preSolution
		Debug|Any CPU = Debug|Any CPU
		Release|Any CPU = Release|Any CPU
	EndGlobalSection
	GlobalSection(ProjectConfigurationPlatforms) = postSolution
		{1AFED87B-E1BA-492C-BFC2-B4BDD7846A2E}.Debug|Any CPU.ActiveCfg = Debug|Any CPU
		{1AFED87B-E1BA-492C-BFC2-B4BDD7846A2E}.Debug|Any CPU.Build.0 = Debug|Any CPU
		{1AFED87B-E1BA-492C-BFC2-B4BDD7846A2E}.Release|Any CPU.ActiveCfg = Release|Any CPU
		{1AFED87B-E1BA-492C-BFC2-B4BDD7846A2E}.Release|Any CPU.Build.0 = Release|Any CPU
	EndGlobalSection
	GlobalSection(SolutionProperties) = preSolution
		HideSolutionNode = FALSE
	EndGlobalSection
	GlobalSection(ExtensibilityGlobals) = postSolution
		SolutionGuid = {8C201C3D-07A2-4455-A56B-6DF19EB79D99}
	EndGlobalSection
EndGlobal
